// !$*UTF8*$!
{
	archiveVersion = 1;
	classes = {
	};
	objectVersion = 50;
	objects = {

/* Begin PBXBuildFile section */
		6542FA55207AF82300F4543B /* AppDelegate.m in Sources */ = {isa = PBXBuildFile; fileRef = 6542FA54207AF82300F4543B /* AppDelegate.m */; };
		6542FA58207AF82300F4543B /* ViewController.m in Sources */ = {isa = PBXBuildFile; fileRef = 6542FA57207AF82300F4543B /* ViewController.m */; };
		6542FA5B207AF82300F4543B /* Main.storyboard in Resources */ = {isa = PBXBuildFile; fileRef = 6542FA59207AF82300F4543B /* Main.storyboard */; };
		6542FA5E207AF82300F4543B /* SJGitUser.xcdatamodeld in Sources */ = {isa = PBXBuildFile; fileRef = 6542FA5C207AF82300F4543B /* SJGitUser.xcdatamodeld */; };
		6542FA60207AF82300F4543B /* Assets.xcassets in Resources */ = {isa = PBXBuildFile; fileRef = 6542FA5F207AF82300F4543B /* Assets.xcassets */; };
		6542FA63207AF82300F4543B /* LaunchScreen.storyboard in Resources */ = {isa = PBXBuildFile; fileRef = 6542FA61207AF82300F4543B /* LaunchScreen.storyboard */; };
		6542FA66207AF82300F4543B /* main.m in Sources */ = {isa = PBXBuildFile; fileRef = 6542FA65207AF82300F4543B /* main.m */; };
		6542FA70207AF82300F4543B /* SJGitUserTests.m in Sources */ = {isa = PBXBuildFile; fileRef = 6542FA6F207AF82300F4543B /* SJGitUserTests.m */; };
		6542FA7B207AF82300F4543B /* SJGitUserUITests.m in Sources */ = {isa = PBXBuildFile; fileRef = 6542FA7A207AF82300F4543B /* SJGitUserUITests.m */; };
		6542FA8A207AF92900F4543B /* oneVC.m in Sources */ = {isa = PBXBuildFile; fileRef = 6542FA89207AF92900F4543B /* oneVC.m */; };
		6542FA8D207AFF7B00F4543B /* twoVC.m in Sources */ = {isa = PBXBuildFile; fileRef = 6542FA8C207AFF7B00F4543B /* twoVC.m */; };
		6542FA93207B146E00F4543B /* vcThree.m in Sources */ = {isa = PBXBuildFile; fileRef = 6542FA92207B146E00F4543B /* vcThree.m */; };
/* End PBXBuildFile section */

/* Begin PBXContainerItemProxy section */
		6542FA6C207AF82300F4543B /* PBXContainerItemProxy */ = {
			isa = PBXContainerItemProxy;
			containerPortal = 6542FA48207AF82200F4543B /* Project object */;
			proxyType = 1;
			remoteGlobalIDString = 6542FA4F207AF82300F4543B;
			remoteInfo = SJGitUser;
		};
		6542FA77207AF82300F4543B /* PBXContainerItemProxy */ = {
			isa = PBXContainerItemProxy;
			containerPortal = 6542FA48207AF82200F4543B /* Project object */;
			proxyType = 1;
			remoteGlobalIDString = 6542FA4F207AF82300F4543B;
			remoteInfo = SJGitUser;
		};
/* End PBXContainerItemProxy section */

/* Begin PBXFileReference section */
		6542FA50207AF82300F4543B /* SJGitUser.app */ = {isa = PBXFileReference; explicitFileType = wrapper.application; includeInIndex = 0; path = SJGitUser.app; sourceTree = BUILT_PRODUCTS_DIR; };
		6542FA53207AF82300F4543B /* AppDelegate.h */ = {isa = PBXFileReference; lastKnownFileType = sourcecode.c.h; path = AppDelegate.h; sourceTree = "<group>"; };
		6542FA54207AF82300F4543B /* AppDelegate.m */ = {isa = PBXFileReference; lastKnownFileType = sourcecode.c.objc; path = AppDelegate.m; sourceTree = "<group>"; };
		6542FA56207AF82300F4543B /* ViewController.h */ = {isa = PBXFileReference; lastKnownFileType = sourcecode.c.h; path = ViewController.h; sourceTree = "<group>"; };
		6542FA57207AF82300F4543B /* ViewController.m */ = {isa = PBXFileReference; lastKnownFileType = sourcecode.c.objc; path = ViewController.m; sourceTree = "<group>"; };
		6542FA5A207AF82300F4543B /* Base */ = {isa = PBXFileReference; lastKnownFileType = file.storyboard; name = Base; path = Base.lproj/Main.storyboard; sourceTree = "<group>"; };
		6542FA5D207AF82300F4543B /* SJGitUser.xcdatamodel */ = {isa = PBXFileReference; lastKnownFileType = wrapper.xcdatamodel; path = SJGitUser.xcdatamodel; sourceTree = "<group>"; };
		6542FA5F207AF82300F4543B /* Assets.xcassets */ = {isa = PBXFileReference; lastKnownFileType = folder.assetcatalog; path = Assets.xcassets; sourceTree = "<group>"; };
		6542FA62207AF82300F4543B /* Base */ = {isa = PBXFileReference; lastKnownFileType = file.storyboard; name = Base; path = Base.lproj/LaunchScreen.storyboard; sourceTree = "<group>"; };
		6542FA64207AF82300F4543B /* Info.plist */ = {isa = PBXFileReference; lastKnownFileType = text.plist.xml; path = Info.plist; sourceTree = "<group>"; };
		6542FA65207AF82300F4543B /* main.m */ = {isa = PBXFileReference; lastKnownFileType = sourcecode.c.objc; path = main.m; sourceTree = "<group>"; };
		6542FA6B207AF82300F4543B /* SJGitUserTests.xctest */ = {isa = PBXFileReference; explicitFileType = wrapper.cfbundle; includeInIndex = 0; path = SJGitUserTests.xctest; sourceTree = BUILT_PRODUCTS_DIR; };
		6542FA6F207AF82300F4543B /* SJGitUserTests.m */ = {isa = PBXFileReference; lastKnownFileType = sourcecode.c.objc; path = SJGitUserTests.m; sourceTree = "<group>"; };
		6542FA71207AF82300F4543B /* Info.plist */ = {isa = PBXFileReference; lastKnownFileType = text.plist.xml; path = Info.plist; sourceTree = "<group>"; };
		6542FA76207AF82300F4543B /* SJGitUserUITests.xctest */ = {isa = PBXFileReference; explicitFileType = wrapper.cfbundle; includeInIndex = 0; path = SJGitUserUITests.xctest; sourceTree = BUILT_PRODUCTS_DIR; };
		6542FA7A207AF82300F4543B /* SJGitUserUITests.m */ = {isa = PBXFileReference; lastKnownFileType = sourcecode.c.objc; path = SJGitUserUITests.m; sourceTree = "<group>"; };
		6542FA7C207AF82300F4543B /* Info.plist */ = {isa = PBXFileReference; lastKnownFileType = text.plist.xml; path = Info.plist; sourceTree = "<group>"; };
		6542FA88207AF92900F4543B /* oneVC.h */ = {isa = PBXFileReference; lastKnownFileType = sourcecode.c.h; path = oneVC.h; sourceTree = "<group>"; };
		6542FA89207AF92900F4543B /* oneVC.m */ = {isa = PBXFileReference; lastKnownFileType = sourcecode.c.objc; path = oneVC.m; sourceTree = "<group>"; };
		6542FA8B207AFF7B00F4543B /* twoVC.h */ = {isa = PBXFileReference; lastKnownFileType = sourcecode.c.h; path = twoVC.h; sourceTree = "<group>"; };
		6542FA8C207AFF7B00F4543B /* twoVC.m */ = {isa = PBXFileReference; lastKnownFileType = sourcecode.c.objc; path = twoVC.m; sourceTree = "<group>"; };
		6542FA91207B146E00F4543B /* vcThree.h */ = {isa = PBXFileReference; lastKnownFileType = sourcecode.c.h; path = vcThree.h; sourceTree = "<group>"; };
		6542FA92207B146E00F4543B /* vcThree.m */ = {isa = PBXFileReference; lastKnownFileType = sourcecode.c.objc; path = vcThree.m; sourceTree = "<group>"; };
/* End PBXFileReference section */

/* Begin PBXFrameworksBuildPhase section */
		6542FA4D207AF82300F4543B /* Frameworks */ = {
			isa = PBXFrameworksBuildPhase;
			buildActionMask = 2147483647;
			files = (
			);
			runOnlyForDeploymentPostprocessing = 0;
		};
		6542FA68207AF82300F4543B /* Frameworks */ = {
			isa = PBXFrameworksBuildPhase;
			buildActionMask = 2147483647;
			files = (
			);
			runOnlyForDeploymentPostprocessing = 0;
		};
		6542FA73207AF82300F4543B /* Frameworks */ = {
			isa = PBXFrameworksBuildPhase;
			buildActionMask = 2147483647;
			files = (
			);
			runOnlyForDeploymentPostprocessing = 0;
		};
/* End PBXFrameworksBuildPhase section */

/* Begin PBXGroup section */
		6542FA47207AF82200F4543B = {
			isa = PBXGroup;
			children = (
				6542FA52207AF82300F4543B /* SJGitUser */,
				6542FA6E207AF82300F4543B /* SJGitUserTests */,
				6542FA79207AF82300F4543B /* SJGitUserUITests */,
				6542FA51207AF82300F4543B /* Products */,
			);
			sourceTree = "<group>";
		};
		6542FA51207AF82300F4543B /* Products */ = {
			isa = PBXGroup;
			children = (
				6542FA50207AF82300F4543B /* SJGitUser.app */,
				6542FA6B207AF82300F4543B /* SJGitUserTests.xctest */,
				6542FA76207AF82300F4543B /* SJGitUserUITests.xctest */,
			);
			name = Products;
			sourceTree = "<group>";
		};
		6542FA52207AF82300F4543B /* SJGitUser */ = {
			isa = PBXGroup;
			children = (
				6542FA53207AF82300F4543B /* AppDelegate.h */,
				6542FA54207AF82300F4543B /* AppDelegate.m */,
				6542FA56207AF82300F4543B /* ViewController.h */,
				6542FA57207AF82300F4543B /* ViewController.m */,
				6542FA88207AF92900F4543B /* oneVC.h */,
				6542FA89207AF92900F4543B /* oneVC.m */,
				6542FA8B207AFF7B00F4543B /* twoVC.h */,
				6542FA8C207AFF7B00F4543B /* twoVC.m */,
				6542FA91207B146E00F4543B /* vcThree.h */,
				6542FA92207B146E00F4543B /* vcThree.m */,
				6542FA59207AF82300F4543B /* Main.storyboard */,
				6542FA5F207AF82300F4543B /* Assets.xcassets */,
				6542FA61207AF82300F4543B /* LaunchScreen.storyboard */,
				6542FA64207AF82300F4543B /* Info.plist */,
				6542FA65207AF82300F4543B /* main.m */,
				6542FA5C207AF82300F4543B /* SJGitUser.xcdatamodeld */,
			);
			path = SJGitUser;
			sourceTree = "<group>";
		};
		6542FA6E207AF82300F4543B /* SJGitUserTests */ = {
			isa = PBXGroup;
			children = (
				6542FA6F207AF82300F4543B /* SJGitUserTests.m */,
				6542FA71207AF82300F4543B /* Info.plist */,
			);
			path = SJGitUserTests;
			sourceTree = "<group>";
		};
		6542FA79207AF82300F4543B /* SJGitUserUITests */ = {
			isa = PBXGroup;
			children = (
				6542FA7A207AF82300F4543B /* SJGitUserUITests.m */,
				6542FA7C207AF82300F4543B /* Info.plist */,
			);
			path = SJGitUserUITests;
			sourceTree = "<group>";
		};
/* End PBXGroup section */

/* Begin PBXNativeTarget section */
		6542FA4F207AF82300F4543B /* SJGitUser */ = {
			isa = PBXNativeTarget;
			buildConfigurationList = 6542FA7F207AF82300F4543B /* Build configuration list for PBXNativeTarget "SJGitUser" */;
			buildPhases = (
				6542FA4C207AF82300F4543B /* Sources */,
				6542FA4D207AF82300F4543B /* Frameworks */,
				6542FA4E207AF82300F4543B /* Resources */,
			);
			buildRules = (
			);
			dependencies = (
			);
			name = SJGitUser;
			productName = SJGitUser;
			productReference = 6542FA50207AF82300F4543B /* SJGitUser.app */;
			productType = "com.apple.product-type.application";
		};
		6542FA6A207AF82300F4543B /* SJGitUserTests */ = {
			isa = PBXNativeTarget;
			buildConfigurationList = 6542FA82207AF82300F4543B /* Build configuration list for PBXNativeTarget "SJGitUserTests" */;
			buildPhases = (
				6542FA67207AF82300F4543B /* Sources */,
				6542FA68207AF82300F4543B /* Frameworks */,
				6542FA69207AF82300F4543B /* Resources */,
			);
			buildRules = (
			);
			dependencies = (
				6542FA6D207AF82300F4543B /* PBXTargetDependency */,
			);
			name = SJGitUserTests;
			productName = SJGitUserTests;
			productReference = 6542FA6B207AF82300F4543B /* SJGitUserTests.xctest */;
			productType = "com.apple.product-type.bundle.unit-test";
		};
		6542FA75207AF82300F4543B /* SJGitUserUITests */ = {
			isa = PBXNativeTarget;
			buildConfigurationList = 6542FA85207AF82300F4543B /* Build configuration list for PBXNativeTarget "SJGitUserUITests" */;
			buildPhases = (
				6542FA72207AF82300F4543B /* Sources */,
				6542FA73207AF82300F4543B /* Frameworks */,
				6542FA74207AF82300F4543B /* Resources */,
			);
			buildRules = (
			);
			dependencies = (
				6542FA78207AF82300F4543B /* PBXTargetDependency */,
			);
			name = SJGitUserUITests;
			productName = SJGitUserUITests;
			productReference = 6542FA76207AF82300F4543B /* SJGitUserUITests.xctest */;
			productType = "com.apple.product-type.bundle.ui-testing";
		};
/* End PBXNativeTarget section */

/* Begin PBXProject section */
		6542FA48207AF82200F4543B /* Project object */ = {
			isa = PBXProject;
			attributes = {
				LastUpgradeCheck = 0930;
				ORGANIZATIONNAME = SJ;
				TargetAttributes = {
					6542FA4F207AF82300F4543B = {
						CreatedOnToolsVersion = 9.3;
					};
					6542FA6A207AF82300F4543B = {
						CreatedOnToolsVersion = 9.3;
						TestTargetID = 6542FA4F207AF82300F4543B;
					};
					6542FA75207AF82300F4543B = {
						CreatedOnToolsVersion = 9.3;
						TestTargetID = 6542FA4F207AF82300F4543B;
					};
				};
			};
			buildConfigurationList = 6542FA4B207AF82200F4543B /* Build configuration list for PBXProject "SJGitUser" */;
			compatibilityVersion = "Xcode 9.3";
			developmentRegion = en;
			hasScannedForEncodings = 0;
			knownRegions = (
				en,
				Base,
			);
			mainGroup = 6542FA47207AF82200F4543B;
			productRefGroup = 6542FA51207AF82300F4543B /* Products */;
			projectDirPath = "";
			projectRoot = "";
			targets = (
				6542FA4F207AF82300F4543B /* SJGitUser */,
				6542FA6A207AF82300F4543B /* SJGitUserTests */,
				6542FA75207AF82300F4543B /* SJGitUserUITests */,
			);
		};
/* End PBXProject section */

/* Begin PBXResourcesBuildPhase section */
		6542FA4E207AF82300F4543B /* Resources */ = {
			isa = PBXResourcesBuildPhase;
			buildActionMask = 2147483647;
			files = (
				6542FA63207AF82300F4543B /* LaunchScreen.storyboard in Resources */,
				6542FA60207AF82300F4543B /* Assets.xcassets in Resources */,
				6542FA5B207AF82300F4543B /* Main.storyboard in Resources */,
			);
			runOnlyForDeploymentPostprocessing = 0;
		};
		6542FA69207AF82300F4543B /* Resources */ = {
			isa = PBXResourcesBuildPhase;
			buildActionMask = 2147483647;
			files = (
			);
			runOnlyForDeploymentPostprocessing = 0;
		};
		6542FA74207AF82300F4543B /* Resources */ = {
			isa = PBXResourcesBuildPhase;
			buildActionMask = 2147483647;
			files = (
			);
			runOnlyForDeploymentPostprocessing = 0;
		};
/* End PBXResourcesBuildPhase section */

/* Begin PBXSourcesBuildPhase section */
		6542FA4C207AF82300F4543B /* Sources */ = {
			isa = PBXSourcesBuildPhase;
			buildActionMask = 2147483647;
			files = (
				6542FA93207B146E00F4543B /* vcThree.m in Sources */,
				6542FA58207AF82300F4543B /* ViewController.m in Sources */,
				6542FA5E207AF82300F4543B /* SJGitUser.xcdatamodeld in Sources */,
				6542FA66207AF82300F4543B /* main.m in Sources */,
				6542FA8D207AFF7B00F4543B /* twoVC.m in Sources */,
				6542FA8A207AF92900F4543B /* oneVC.m in Sources */,
				6542FA55207AF82300F4543B /* AppDelegate.m in Sources */,
			);
			runOnlyForDeploymentPostprocessing = 0;
		};
		6542FA67207AF82300F4543B /* Sources */ = {
			isa = PBXSourcesBuildPhase;
			buildActionMask = 2147483647;
			files = (
				6542FA70207AF82300F4543B /* SJGitUserTests.m in Sources */,
			);
			runOnlyForDeploymentPostprocessing = 0;
		};
		6542FA72207AF82300F4543B /* Sources */ = {
			isa = PBXSourcesBuildPhase;
			buildActionMask = 2147483647;
			files = (
				6542FA7B207AF82300F4543B /* SJGitUserUITests.m in Sources */,
			);
			runOnlyForDeploymentPostprocessing = 0;
		};
/* End PBXSourcesBuildPhase section */

/* Begin PBXTargetDependency section */
		6542FA6D207AF82300F4543B /* PBXTargetDependency */ = {
			isa = PBXTargetDependency;
			target = 6542FA4F207AF82300F4543B /* SJGitUser */;
			targetProxy = 6542FA6C207AF82300F4543B /* PBXContainerItemProxy */;
		};
		6542FA78207AF82300F4543B /* PBXTargetDependency */ = {
			isa = PBXTargetDependency;
			target = 6542FA4F207AF82300F4543B /* SJGitUser */;
			targetProxy = 6542FA77207AF82300F4543B /* PBXContainerItemProxy */;
		};
/* End PBXTargetDependency section */

/* Begin PBXVariantGroup section */
		6542FA59207AF82300F4543B /* Main.storyboard */ = {
			isa = PBXVariantGroup;
			children = (
				6542FA5A207AF82300F4543B /* Base */,
			);
			name = Main.storyboard;
			sourceTree = "<group>";
		};
		6542FA61207AF82300F4543B /* LaunchScreen.storyboard */ = {
			isa = PBXVariantGroup;
			children = (
				6542FA62207AF82300F4543B /* Base */,
			);
			name = LaunchScreen.storyboard;
			sourceTree = "<group>";
		};
/* End PBXVariantGroup section */

/* Begin XCBuildConfiguration section */
		6542FA7D207AF82300F4543B /* Debug */ = {
			isa = XCBuildConfiguration;
			buildSettings = {
				ALWAYS_SEARCH_USER_PATHS = NO;
				CLANG_ANALYZER_NONNULL = YES;
				CLANG_ANALYZER_NUMBER_OBJECT_CONVERSION = YES_AGGRESSIVE;
				CLANG_CXX_LANGUAGE_STANDARD = "gnu++14";
				CLANG_CXX_LIBRARY = "libc++";
				CLANG_ENABLE_MODULES = YES;
				CLANG_ENABLE_OBJC_ARC = YES;
				CLANG_ENABLE_OBJC_WEAK = YES;
				CLANG_WARN_BLOCK_CAPTURE_AUTORELEASING = YES;
				CLANG_WARN_BOOL_CONVERSION = YES;
				CLANG_WARN_COMMA = YES;
				CLANG_WARN_CONSTANT_CONVERSION = YES;
				CLANG_WARN_DEPRECATED_OBJC_IMPLEMENTATIONS = YES;
				CLANG_WARN_DIRECT_OBJC_ISA_USAGE = YES_ERROR;
				CLANG_WARN_DOCUMENTATION_COMMENTS = YES;
				CLANG_WARN_EMPTY_BODY = YES;
				CLANG_WARN_ENUM_CONVERSION = YES;
				CLANG_WARN_INFINITE_RECURSION = YES;
				CLANG_WARN_INT_CONVERSION = YES;
				CLANG_WARN_NON_LITERAL_NULL_CONVERSION = YES;
				CLANG_WARN_OBJC_IMPLICIT_RETAIN_SELF = YES;
				CLANG_WARN_OBJC_LITERAL_CONVERSION = YES;
				CLANG_WARN_OBJC_ROOT_CLASS = YES_ERROR;
				CLANG_WARN_RANGE_LOOP_ANALYSIS = YES;
				CLANG_WARN_STRICT_PROTOTYPES = YES;
				CLANG_WARN_SUSPICIOUS_MOVE = YES;
				CLANG_WARN_UNGUARDED_AVAILABILITY = YES_AGGRESSIVE;
				CLANG_WARN_UNREACHABLE_CODE = YES;
				CLANG_WARN__DUPLICATE_METHOD_MATCH = YES;
				CODE_SIGN_IDENTITY = "iPhone Developer";
				COPY_PHASE_STRIP = NO;
				DEBUG_INFORMATION_FORMAT = dwarf;
				ENABLE_STRICT_OBJC_MSGSEND = YES;
				ENABLE_TESTABILITY = YES;
				GCC_C_LANGUAGE_STANDARD = gnu11;
				GCC_DYNAMIC_NO_PIC = NO;
				GCC_NO_COMMON_BLOCKS = YES;
				GCC_OPTIMIZATION_LEVEL = 0;
				GCC_PREPROCESSOR_DEFINITIONS = (
					"DEBUG=1",
					"$(inherited)",
				);
				GCC_WARN_64_TO_32_BIT_CONVERSION = YES;
				GCC_WARN_ABOUT_RETURN_TYPE = YES_ERROR;
				GCC_WARN_UNDECLARED_SELECTOR = YES;
				GCC_WARN_UNINITIALIZED_AUTOS = YES_AGGRESSIVE;
				GCC_WARN_UNUSED_FUNCTION = YES;
				GCC_WARN_UNUSED_VARIABLE = YES;
				IPHONEOS_DEPLOYMENT_TARGET = 11.3;
				MTL_ENABLE_DEBUG_INFO = YES;
				ONLY_ACTIVE_ARCH = YES;
				SDKROOT = iphoneos;
			};
			name = Debug;
		};
		6542FA7E207AF82300F4543B /* Release */ = {
			isa = XCBuildConfiguration;
			buildSettings = {
				ALWAYS_SEARCH_USER_PATHS = NO;
				CLANG_ANALYZER_NONNULL = YES;
				CLANG_ANALYZER_NUMBER_OBJECT_CONVERSION = YES_AGGRESSIVE;
				CLANG_CXX_LANGUAGE_STANDARD = "gnu++14";
				CLANG_CXX_LIBRARY = "libc++";
				CLANG_ENABLE_MODULES = YES;
				CLANG_ENABLE_OBJC_ARC = YES;
				CLANG_ENABLE_OBJC_WEAK = YES;
				CLANG_WARN_BLOCK_CAPTURE_AUTORELEASING = YES;
				CLANG_WARN_BOOL_CONVERSION = YES;
				CLANG_WARN_COMMA = YES;
				CLANG_WARN_CONSTANT_CONVERSION = YES;
				CLANG_WARN_DEPRECATED_OBJC_IMPLEMENTATIONS = YES;
				CLANG_WARN_DIRECT_OBJC_ISA_USAGE = YES_ERROR;
				CLANG_WARN_DOCUMENTATION_COMMENTS = YES;
				CLANG_WARN_EMPTY_BODY = YES;
				CLANG_WARN_ENUM_CONVERSION = YES;
				CLANG_WARN_INFINITE_RECURSION = YES;
				CLANG_WARN_INT_CONVERSION = YES;
				CLANG_WARN_NON_LITERAL_NULL_CONVERSION = YES;
				CLANG_WARN_OBJC_IMPLICIT_RETAIN_SELF = YES;
				CLANG_WARN_OBJC_LITERAL_CONVERSION = YES;
				CLANG_WARN_OBJC_ROOT_CLASS = YES_ERROR;
				CLANG_WARN_RANGE_LOOP_ANALYSIS = YES;
				CLANG_WARN_STRICT_PROTOTYPES = YES;
				CLANG_WARN_SUSPICIOUS_MOVE = YES;
				CLANG_WARN_UNGUARDED_AVAILABILITY = YES_AGGRESSIVE;
				CLANG_WARN_UNREACHABLE_CODE = YES;
				CLANG_WARN__DUPLICATE_METHOD_MATCH = YES;
				CODE_SIGN_IDENTITY = "iPhone Developer";
				COPY_PHASE_STRIP = NO;
				DEBUG_INFORMATION_FORMAT = "dwarf-with-dsym";
				ENABLE_NS_ASSERTIONS = NO;
				ENABLE_STRICT_OBJC_MSGSEND = YES;
				GCC_C_LANGUAGE_STANDARD = gnu11;
				GCC_NO_COMMON_BLOCKS = YES;
				GCC_WARN_64_TO_32_BIT_CONVERSION = YES;
				GCC_WARN_ABOUT_RETURN_TYPE = YES_ERROR;
				GCC_WARN_UNDECLARED_SELECTOR = YES;
				GCC_WARN_UNINITIALIZED_AUTOS = YES_AGGRESSIVE;
				GCC_WARN_UNUSED_FUNCTION = YES;
				GCC_WARN_UNUSED_VARIABLE = YES;
				IPHONEOS_DEPLOYMENT_TARGET = 11.3;
				MTL_ENABLE_DEBUG_INFO = NO;
				SDKROOT = iphoneos;
				VALIDATE_PRODUCT = YES;
			};
			name = Release;
		};
		6542FA80207AF82300F4543B /* Debug */ = {
			isa = XCBuildConfiguration;
			buildSettings = {
				ASSETCATALOG_COMPILER_APPICON_NAME = AppIcon;
				CODE_SIGN_STYLE = Automatic;
				INFOPLIST_FILE = SJGitUser/Info.plist;
				LD_RUNPATH_SEARCH_PATHS = (
					"$(inherited)",
					"@executable_path/Frameworks",
				);
				PRODUCT_BUNDLE_IDENTIFIER = sj.SJGitUser;
				PRODUCT_NAME = "$(TARGET_NAME)";
				TARGETED_DEVICE_FAMILY = "1,2";
			};
			name = Debug;
		};
		6542FA81207AF82300F4543B /* Release */ = {
			isa = XCBuildConfiguration;
			buildSettings = {
				ASSETCATALOG_COMPILER_APPICON_NAME = AppIcon;
				CODE_SIGN_STYLE = Automatic;
				INFOPLIST_FILE = SJGitUser/Info.plist;
				LD_RUNPATH_SEARCH_PATHS = (
					"$(inherited)",
					"@executable_path/Frameworks",
				);
				PRODUCT_BUNDLE_IDENTIFIER = sj.SJGitUser;
				PRODUCT_NAME = "$(TARGET_NAME)";
				TARGETED_DEVICE_FAMILY = "1,2";
			};
			name = Release;
		};
		6542FA83207AF82300F4543B /* Debug */ = {
			isa = XCBuildConfiguration;
			buildSettings = {
				BUNDLE_LOADER = "$(TEST_HOST)";
				CODE_SIGN_STYLE = Automatic;
				INFOPLIST_FILE = SJGitUserTests/Info.plist;
				LD_RUNPATH_SEARCH_PATHS = (
					"$(inherited)",
					"@executable_path/Frameworks",
					"@loader_path/Frameworks",
				);
				PRODUCT_BUNDLE_IDENTIFIER = sj.SJGitUserTests;
				PRODUCT_NAME = "$(TARGET_NAME)";
				TARGETED_DEVICE_FAMILY = "1,2";
				TEST_HOST = "$(BUILT_PRODUCTS_DIR)/SJGitUser.app/SJGitUser";
			};
			name = Debug;
		};
		6542FA84207AF82300F4543B /* Release */ = {
			isa = XCBuildConfiguration;
			buildSettings = {
				BUNDLE_LOADER = "$(TEST_HOST)";
				CODE_SIGN_STYLE = Automatic;
				INFOPLIST_FILE = SJGitUserTests/Info.plist;
				LD_RUNPATH_SEARCH_PATHS = (
					"$(inherited)",
					"@executable_path/Frameworks",
					"@loader_path/Frameworks",
				);
				PRODUCT_BUNDLE_IDENTIFIER = sj.SJGitUserTests;
				PRODUCT_NAME = "$(TARGET_NAME)";
				TARGETED_DEVICE_FAMILY = "1,2";
				TEST_HOST = "$(BUILT_PRODUCTS_DIR)/SJGitUser.app/SJGitUser";
			};
			name = Release;
		};
		6542FA86207AF82300F4543B /* Debug */ = {
			isa = XCBuildConfiguration;
			buildSettings = {
				CODE_SIGN_STYLE = Automatic;
				INFOPLIST_FILE = SJGitUserUITests/Info.plist;
				LD_RUNPATH_SEARCH_PATHS = (
					"$(inherited)",
					"@executable_path/Frameworks",
					"@loader_path/Frameworks",
				);
				PRODUCT_BUNDLE_IDENTIFIER = sj.SJGitUserUITests;
				PRODUCT_NAME = "$(TARGET_NAME)";
				TARGETED_DEVICE_FAMILY = "1,2";
				TEST_TARGET_NAME = SJGitUser;
			};
			name = Debug;
		};
		6542FA87207AF82300F4543B /* Release */ = {
			isa = XCBuildConfiguration;
			buildSettings = {
				CODE_SIGN_STYLE = Automatic;
				INFOPLIST_FILE = SJGitUserUITests/Info.plist;
				LD_RUNPATH_SEARCH_PATHS = (
					"$(inherited)",
					"@executable_path/Frameworks",
					"@loader_path/Frameworks",
				);
				PRODUCT_BUNDLE_IDENTIFIER = sj.SJGitUserUITests;
				PRODUCT_NAME = "$(TARGET_NAME)";
				TARGETED_DEVICE_FAMILY = "1,2";
				TEST_TARGET_NAME = SJGitUser;
			};
			name = Release;
		};
/* End XCBuildConfiguration section */

/* Begin XCConfigurationList section */
		6542FA4B207AF82200F4543B /* Build configuration list for PBXProject "SJGitUser" */ = {
			isa = XCConfigurationList;
			buildConfigurations = (
				6542FA7D207AF82300F4543B /* Debug */,
				6542FA7E207AF82300F4543B /* Release */,
			);
			defaultConfigurationIsVisible = 0;
			defaultConfigurationName = Release;
		};
		6542FA7F207AF82300F4543B /* Build configuration list for PBXNativeTarget "SJGitUser" */ = {
			isa = XCConfigurationList;
			buildConfigurations = (
				6542FA80207AF82300F4543B /* Debug */,
				6542FA81207AF82300F4543B /* Release */,
			);
			defaultConfigurationIsVisible = 0;
			defaultConfigurationName = Release;
		};
		6542FA82207AF82300F4543B /* Build configuration list for PBXNativeTarget "SJGitUserTests" */ = {
			isa = XCConfigurationList;
			buildConfigurations = (
				6542FA83207AF82300F4543B /* Debug */,
				6542FA84207AF82300F4543B /* Release */,
			);
			defaultConfigurationIsVisible = 0;
			defaultConfigurationName = Release;
		};
		6542FA85207AF82300F4543B /* Build configuration list for PBXNativeTarget "SJGitUserUITests" */ = {
			isa = XCConfigurationList;
			buildConfigurations = (
				6542FA86207AF82300F4543B /* Debug */,
				6542FA87207AF82300F4543B /* Release */,
			);
			defaultConfigurationIsVisible = 0;
			defaultConfigurationName = Release;
		};
/* End XCConfigurationList section */

/* Begin XCVersionGroup section */
		6542FA5C207AF82300F4543B /* SJGitUser.xcdatamodeld */ = {
			isa = XCVersionGroup;
			children = (
				6542FA5D207AF82300F4543B /* SJGitUser.xcdatamodel */,
			);
			currentVersion = 6542FA5D207AF82300F4543B /* SJGitUser.xcdatamodel */;
			path = SJGitUser.xcdatamodeld;
			sourceTree = "<group>";
			versionGroupType = wrapper.xcdatamodel;
		};
/* End XCVersionGroup section */
	};
	rootObject = 6542FA48207AF82200F4543B /* Project object */;
}
